
Microsoft Visual Studio Solution File, Format Version 12.00
# Visual Studio Version 17
VisualStudioVersion = 17.4.33110.190
MinimumVisualStudioVersion = 10.0.40219.1
Project("{9A19103F-16F7-4668-BE54-9A1E7A4F7556}") = "AspNetCoreHomework1", "AspNetCoreHomework1\AspNetCoreHomework1.csproj", "{F72C3D00-0108-4A04-ACFC-482F757787BD}"
EndProject
Project("{9A19103F-16F7-4668-BE54-9A1E7A4F7556}") = "hm2", "hm2\hm2.csproj", "{0DC20257-4516-42B5-84A5-1866F58F5BBD}"
EndProject
Project("{9A19103F-16F7-4668-BE54-9A1E7A4F7556}") = "hm3", "hm3 (edited 2 with async await)\hm3.csproj", "{1BEB2D2F-717C-44DB-9075-6186CE8D1585}"
EndProject
Project("{9A19103F-16F7-4668-BE54-9A1E7A4F7556}") = "hm4", "hm4\hm4.csproj", "{55B0E9F5-D99A-4BE4-AB09-C0119BAD563D}"
EndProject
Project("{FAE04EC0-301F-11D3-BF4B-00C04F79EFBC}") = "hm5", "hm5\hm5.csproj", "{A7FF727D-F329-444C-A97F-EFA03A082EE7}"
EndProject
Global
	GlobalSection(SolutionConfigurationPlatforms) = preSolution
		Debug|Any CPU = Debug|Any CPU
		Release|Any CPU = Release|Any CPU
	EndGlobalSection
	GlobalSection(ProjectConfigurationPlatforms) = postSolution
		{F72C3D00-0108-4A04-ACFC-482F757787BD}.Debug|Any CPU.ActiveCfg = Debug|Any CPU
		{F72C3D00-0108-4A04-ACFC-482F757787BD}.Debug|Any CPU.Build.0 = Debug|Any CPU
		{F72C3D00-0108-4A04-ACFC-482F757787BD}.Release|Any CPU.ActiveCfg = Release|Any CPU
		{F72C3D00-0108-4A04-ACFC-482F757787BD}.Release|Any CPU.Build.0 = Release|Any CPU
		{0DC20257-4516-42B5-84A5-1866F58F5BBD}.Debug|Any CPU.ActiveCfg = Debug|Any CPU
		{0DC20257-4516-42B5-84A5-1866F58F5BBD}.Debug|Any CPU.Build.0 = Debug|Any CPU
		{0DC20257-4516-42B5-84A5-1866F58F5BBD}.Release|Any CPU.ActiveCfg = Release|Any CPU
		{0DC20257-4516-42B5-84A5-1866F58F5BBD}.Release|Any CPU.Build.0 = Release|Any CPU
		{1BEB2D2F-717C-44DB-9075-6186CE8D1585}.Debug|Any CPU.ActiveCfg = Debug|Any CPU
		{1BEB2D2F-717C-44DB-9075-6186CE8D1585}.Debug|Any CPU.Build.0 = Debug|Any CPU
		{1BEB2D2F-717C-44DB-9075-6186CE8D1585}.Release|Any CPU.ActiveCfg = Release|Any CPU
		{1BEB2D2F-717C-44DB-9075-6186CE8D1585}.Release|Any CPU.Build.0 = Release|Any CPU
		{55B0E9F5-D99A-4BE4-AB09-C0119BAD563D}.Debug|Any CPU.ActiveCfg = Debug|Any CPU
		{55B0E9F5-D99A-4BE4-AB09-C0119BAD563D}.Debug|Any CPU.Build.0 = Debug|Any CPU
		{55B0E9F5-D99A-4BE4-AB09-C0119BAD563D}.Release|Any CPU.ActiveCfg = Release|Any CPU
		{55B0E9F5-D99A-4BE4-AB09-C0119BAD563D}.Release|Any CPU.Build.0 = Release|Any CPU
		{A7FF727D-F329-444C-A97F-EFA03A082EE7}.Debug|Any CPU.ActiveCfg = Debug|Any CPU
		{A7FF727D-F329-444C-A97F-EFA03A082EE7}.Debug|Any CPU.Build.0 = Debug|Any CPU
		{A7FF727D-F329-444C-A97F-EFA03A082EE7}.Release|Any CPU.ActiveCfg = Release|Any CPU
		{A7FF727D-F329-444C-A97F-EFA03A082EE7}.Release|Any CPU.Build.0 = Release|Any CPU
	EndGlobalSection
	GlobalSection(SolutionProperties) = preSolution
		HideSolutionNode = FALSE
	EndGlobalSection
	GlobalSection(ExtensibilityGlobals) = postSolution
		SolutionGuid = {9A18B7D8-EDB0-4DF9-8B1F-98273B01B13F}
	EndGlobalSection
EndGlobal
